<?xml version="1.0" encoding="utf-8"?>
<Project ToolsVersion="4.0" xmlns="http://schemas.microsoft.com/developer/msbuild/2003">
  <ItemGroup>
    <Filter Include="math">
      <UniqueIdentifier>{be3d502a-9748-48f5-b273-c69b53b782d1}</UniqueIdentifier>
    </Filter>
    <Filter Include="platform">
      <UniqueIdentifier>{56bacb95-bfdc-46ba-90c3-02bda45e462c}</UniqueIdentifier>
    </Filter>
    <Filter Include="search">
      <UniqueIdentifier>{20936959-e66d-4012-bd80-295307a8f5c1}</UniqueIdentifier>
    </Filter>
    <Filter Include="util">
      <UniqueIdentifier>{44753c3c-029a-4e03-bc85-922cf36e65d9}</UniqueIdentifier>
    </Filter>
  </ItemGroup>
  <ItemGroup>
    <ClInclude Include="..\..\eslp\pch.h" />
    <ClInclude Include="..\..\eslp\uint128.h">
      <Filter>math</Filter>
    </ClInclude>
    <ClInclude Include="..\..\eslp\diophantine.h">
      <Filter>search</Filter>
    </ClInclude>
    <ClInclude Include="..\..\eslp\threadtimer.h">
      <Filter>util</Filter>
    </ClInclude>
    <ClInclude Include="..\..\eslp\hashtable.h">
      <Filter>search</Filter>
    </ClInclude>
    <ClInclude Include="..\..\eslp\powers.h">
      <Filter>math</Filter>
    </ClInclude>
    <ClInclude Include="..\..\eslp\solution.h">
      <Filter>search</Filter>
    </ClInclude>
    <ClInclude Include="..\..\eslp\util.h">
      <Filter>util</Filter>
    </ClInclude>
  </ItemGroup>
  <ItemGroup>
    <ClCompile Include="..\..\eslp\prefix.cpp">
      <Filter>platform</Filter>
    </ClCompile>
    <ClCompile Include="..\..\eslp\main.cpp">
    </ClCompile>
    <ClCompile Include="..\..\eslp\uint128.cpp">
      <Filter>math</Filter>
    </ClCompile>
    <ClCompile Include="..\..\eslp\diophantine.cpp">
      <Filter>search</Filter>
    </ClCompile>
    <ClCompile Include="..\..\eslp\threadtimer.cpp">
      <Filter>util</Filter>
    </ClCompile>
    <ClCompile Include="..\..\eslp\solution.cpp">
      <Filter>search</Filter>
    </ClCompile>
    <ClCompile Include="..\..\eslp\util.cpp">
      <Filter>util</Filter>
    </ClCompile>
  </ItemGroup>
  <ItemGroup>
    <Text Include="..\..\eslp\history.txt" />
  </ItemGroup>
</Project>