<?xml version="1.0" encoding="utf-8"?>
<Project ToolsVersion="4.0" xmlns="http://schemas.microsoft.com/developer/msbuild/2003">
  <ItemGroup>
    <Filter Include="file">
      <UniqueIdentifier>{505427df-de1f-4080-ac69-dfa35c4fadb7}</UniqueIdentifier>
    </Filter>
    <Filter Include="util">
      <UniqueIdentifier>{1cdf1d3c-aa69-4fc6-b82b-9b9d97ae8773}</UniqueIdentifier>
    </Filter>
  </ItemGroup>
  <ItemGroup>
    <ClInclude Include="..\..\core\filesystem.h">
      <Filter>file</Filter>
    </ClInclude>
    <ClInclude Include="..\..\core\file.h">
      <Filter>file</Filter>
    </ClInclude>
    <ClInclude Include="..\..\core\strutil.h">
      <Filter>util</Filter>
    </ClInclude>
  </ItemGroup>
  <ItemGroup>
    <ClCompile Include="..\..\core\filesystem.cpp">
      <Filter>file</Filter>
    </ClCompile>
    <ClCompile Include="..\..\core\file.cpp">
      <Filter>file</Filter>
    </ClCompile>
    <ClCompile Include="..\..\core\strutil.cpp">
      <Filter>util</Filter>
    </ClCompile>
  </ItemGroup>
</Project>